
Microsoft Visual Studio Solution File, Format Version 12.00
# Visual Studio Version 16
VisualStudioVersion = 16.0.31424.327
MinimumVisualStudioVersion = 10.0.40219.1
Project("{FAE04EC0-301F-11D3-BF4B-00C04F79EFBC}") = "ImageLocationAPI", "ImageLocationAPI\ImageLocationAPI.csproj", "{C680F717-3120-4663-A199-3BF201C811DB}"
EndProject
Project("{FAE04EC0-301F-11D3-BF4B-00C04F79EFBC}") = "ImageLocationAPI.Business", "ImageLocationAPI.Business\ImageLocationAPI.Business.csproj", "{1D344A5F-9517-4FF4-ABE5-0EF335628B0F}"
EndProject
Project("{FAE04EC0-301F-11D3-BF4B-00C04F79EFBC}") = "ImageLocationAPI.Models", "ImageLocationAPI.Models\ImageLocationAPI.Models.csproj", "{3D527733-084C-4130-8A3F-C1123D41B5AE}"
EndProject
Project("{FAE04EC0-301F-11D3-BF4B-00C04F79EFBC}") = "ImageLocationAPI.Service", "ImageLocationAPI.Service\ImageLocationAPI.Service.csproj", "{0C9F7F86-DEBC-499D-ACB3-145588A802E5}"
EndProject
Project("{FAE04EC0-301F-11D3-BF4B-00C04F79EFBC}") = "ImageLocationAPI.Data", "ImageLocationAPI.Data\ImageLocationAPI.Data.csproj", "{9CB1F492-9861-4ED9-B24D-99B1F85DEA8D}"
EndProject
Global
	GlobalSection(SolutionConfigurationPlatforms) = preSolution
		Debug|Any CPU = Debug|Any CPU
		Release|Any CPU = Release|Any CPU
	EndGlobalSection
	GlobalSection(ProjectConfigurationPlatforms) = postSolution
		{C680F717-3120-4663-A199-3BF201C811DB}.Debug|Any CPU.ActiveCfg = Debug|Any CPU
		{C680F717-3120-4663-A199-3BF201C811DB}.Debug|Any CPU.Build.0 = Debug|Any CPU
		{C680F717-3120-4663-A199-3BF201C811DB}.Release|Any CPU.ActiveCfg = Release|Any CPU
		{C680F717-3120-4663-A199-3BF201C811DB}.Release|Any CPU.Build.0 = Release|Any CPU
		{1D344A5F-9517-4FF4-ABE5-0EF335628B0F}.Debug|Any CPU.ActiveCfg = Debug|Any CPU
		{1D344A5F-9517-4FF4-ABE5-0EF335628B0F}.Debug|Any CPU.Build.0 = Debug|Any CPU
		{1D344A5F-9517-4FF4-ABE5-0EF335628B0F}.Release|Any CPU.ActiveCfg = Release|Any CPU
		{1D344A5F-9517-4FF4-ABE5-0EF335628B0F}.Release|Any CPU.Build.0 = Release|Any CPU
		{3D527733-084C-4130-8A3F-C1123D41B5AE}.Debug|Any CPU.ActiveCfg = Debug|Any CPU
		{3D527733-084C-4130-8A3F-C1123D41B5AE}.Debug|Any CPU.Build.0 = Debug|Any CPU
		{3D527733-084C-4130-8A3F-C1123D41B5AE}.Release|Any CPU.ActiveCfg = Release|Any CPU
		{3D527733-084C-4130-8A3F-C1123D41B5AE}.Release|Any CPU.Build.0 = Release|Any CPU
		{0C9F7F86-DEBC-499D-ACB3-145588A802E5}.Debug|Any CPU.ActiveCfg = Debug|Any CPU
		{0C9F7F86-DEBC-499D-ACB3-145588A802E5}.Debug|Any CPU.Build.0 = Debug|Any CPU
		{0C9F7F86-DEBC-499D-ACB3-145588A802E5}.Release|Any CPU.ActiveCfg = Release|Any CPU
		{0C9F7F86-DEBC-499D-ACB3-145588A802E5}.Release|Any CPU.Build.0 = Release|Any CPU
		{9CB1F492-9861-4ED9-B24D-99B1F85DEA8D}.Debug|Any CPU.ActiveCfg = Debug|Any CPU
		{9CB1F492-9861-4ED9-B24D-99B1F85DEA8D}.Debug|Any CPU.Build.0 = Debug|Any CPU
		{9CB1F492-9861-4ED9-B24D-99B1F85DEA8D}.Release|Any CPU.ActiveCfg = Release|Any CPU
		{9CB1F492-9861-4ED9-B24D-99B1F85DEA8D}.Release|Any CPU.Build.0 = Release|Any CPU
	EndGlobalSection
	GlobalSection(SolutionProperties) = preSolution
		HideSolutionNode = FALSE
	EndGlobalSection
	GlobalSection(ExtensibilityGlobals) = postSolution
		SolutionGuid = {DFC76355-A091-4900-902D-1134AD04881A}
	EndGlobalSection
EndGlobal
